
Microsoft Visual Studio Solution File, Format Version 12.00
# Visual Studio Version 16
VisualStudioVersion = 16.0.31424.327
MinimumVisualStudioVersion = 10.0.40219.1
Project("{FAE04EC0-301F-11D3-BF4B-00C04F79EFBC}") = "Almacen", "Almacen\Almacen.csproj", "{037F23F6-CDA9-40F4-A584-0597F6AFDB14}"
EndProject
Project("{FAE04EC0-301F-11D3-BF4B-00C04F79EFBC}") = "Dominio", "Dominio\Dominio.csproj", "{D78DE322-0D44-46B9-98F5-8378CB610424}"
EndProject
Project("{FAE04EC0-301F-11D3-BF4B-00C04F79EFBC}") = "Negocio", "Negocio\Negocio.csproj", "{B019510A-1E79-406E-AB52-4E7B5DCA1310}"
EndProject
Global
	GlobalSection(SolutionConfigurationPlatforms) = preSolution
		Debug|Any CPU = Debug|Any CPU
		Release|Any CPU = Release|Any CPU
	EndGlobalSection
	GlobalSection(ProjectConfigurationPlatforms) = postSolution
		{037F23F6-CDA9-40F4-A584-0597F6AFDB14}.Debug|Any CPU.ActiveCfg = Debug|Any CPU
		{037F23F6-CDA9-40F4-A584-0597F6AFDB14}.Debug|Any CPU.Build.0 = Debug|Any CPU
		{037F23F6-CDA9-40F4-A584-0597F6AFDB14}.Release|Any CPU.ActiveCfg = Release|Any CPU
		{037F23F6-CDA9-40F4-A584-0597F6AFDB14}.Release|Any CPU.Build.0 = Release|Any CPU
		{D78DE322-0D44-46B9-98F5-8378CB610424}.Debug|Any CPU.ActiveCfg = Debug|Any CPU
		{D78DE322-0D44-46B9-98F5-8378CB610424}.Debug|Any CPU.Build.0 = Debug|Any CPU
		{D78DE322-0D44-46B9-98F5-8378CB610424}.Release|Any CPU.ActiveCfg = Release|Any CPU
		{D78DE322-0D44-46B9-98F5-8378CB610424}.Release|Any CPU.Build.0 = Release|Any CPU
		{B019510A-1E79-406E-AB52-4E7B5DCA1310}.Debug|Any CPU.ActiveCfg = Debug|Any CPU
		{B019510A-1E79-406E-AB52-4E7B5DCA1310}.Debug|Any CPU.Build.0 = Debug|Any CPU
		{B019510A-1E79-406E-AB52-4E7B5DCA1310}.Release|Any CPU.ActiveCfg = Release|Any CPU
		{B019510A-1E79-406E-AB52-4E7B5DCA1310}.Release|Any CPU.Build.0 = Release|Any CPU
	EndGlobalSection
	GlobalSection(SolutionProperties) = preSolution
		HideSolutionNode = FALSE
	EndGlobalSection
	GlobalSection(ExtensibilityGlobals) = postSolution
		SolutionGuid = {221EB1F9-E88E-4A0B-8B0E-00CCD9750E96}
	EndGlobalSection
EndGlobal
